// !$*UTF8*$!
{
	archiveVersion = 1;
	classes = {
	};
	objectVersion = 56;
	objects = {

/* Begin PBXBuildFile section */
		491E8E2D28683A3100F9183B /* RoundedTextField.swift in Sources */ = {isa = PBXBuildFile; fileRef = 491E8E2C28683A3100F9183B /* RoundedTextField.swift */; };
		491E8E2F28683B4900F9183B /* RoundedSecureTextField.swift in Sources */ = {isa = PBXBuildFile; fileRef = 491E8E2E28683B4900F9183B /* RoundedSecureTextField.swift */; };
		491E8E3128683BB300F9183B /* RoundedButton.swift in Sources */ = {isa = PBXBuildFile; fileRef = 491E8E3028683BB300F9183B /* RoundedButton.swift */; };
		491F9AD228684569006B1FC9 /* AuthView.ViewModel.swift in Sources */ = {isa = PBXBuildFile; fileRef = 491F9AD128684569006B1FC9 /* AuthView.ViewModel.swift */; };
		49C6BBDF28681FC800118FA6 /* TrackApp.swift in Sources */ = {isa = PBXBuildFile; fileRef = 49C6BBDE28681FC800118FA6 /* TrackApp.swift */; };
		49C6BBE128681FC800118FA6 /* ContentView.swift in Sources */ = {isa = PBXBuildFile; fileRef = 49C6BBE028681FC800118FA6 /* ContentView.swift */; };
		49C6BBE328681FCA00118FA6 /* Assets.xcassets in Resources */ = {isa = PBXBuildFile; fileRef = 49C6BBE228681FCA00118FA6 /* Assets.xcassets */; };
		49C6BBE628681FCA00118FA6 /* Preview Assets.xcassets in Resources */ = {isa = PBXBuildFile; fileRef = 49C6BBE528681FCA00118FA6 /* Preview Assets.xcassets */; };
		49C6BBEF2868298F00118FA6 /* GoogleService-Info.plist in Resources */ = {isa = PBXBuildFile; fileRef = 49C6BBEE2868298F00118FA6 /* GoogleService-Info.plist */; };
		49C6BBF228682B9900118FA6 /* FirebaseAnalytics in Frameworks */ = {isa = PBXBuildFile; productRef = 49C6BBF128682B9900118FA6 /* FirebaseAnalytics */; };
		49C6BBF428682B9900118FA6 /* FirebaseAuth in Frameworks */ = {isa = PBXBuildFile; productRef = 49C6BBF328682B9900118FA6 /* FirebaseAuth */; };
		49C6BBF628682B9900118FA6 /* FirebaseFirestore in Frameworks */ = {isa = PBXBuildFile; productRef = 49C6BBF528682B9900118FA6 /* FirebaseFirestore */; };
		49C6BBF828682B9900118FA6 /* FirebaseRemoteConfig in Frameworks */ = {isa = PBXBuildFile; productRef = 49C6BBF728682B9900118FA6 /* FirebaseRemoteConfig */; };
		49C6BBFA28682B9900118FA6 /* FirebaseStorage in Frameworks */ = {isa = PBXBuildFile; productRef = 49C6BBF928682B9900118FA6 /* FirebaseStorage */; };
		49C6BBFD286830F900118FA6 /* AuthView.swift in Sources */ = {isa = PBXBuildFile; fileRef = 49C6BBFC286830F900118FA6 /* AuthView.swift */; };
/* End PBXBuildFile section */

/* Begin PBXFileReference section */
		491E8E2C28683A3100F9183B /* RoundedTextField.swift */ = {isa = PBXFileReference; lastKnownFileType = sourcecode.swift; path = RoundedTextField.swift; sourceTree = "<group>"; };
		491E8E2E28683B4900F9183B /* RoundedSecureTextField.swift */ = {isa = PBXFileReference; lastKnownFileType = sourcecode.swift; path = RoundedSecureTextField.swift; sourceTree = "<group>"; };
		491E8E3028683BB300F9183B /* RoundedButton.swift */ = {isa = PBXFileReference; lastKnownFileType = sourcecode.swift; path = RoundedButton.swift; sourceTree = "<group>"; };
		491F9AD128684569006B1FC9 /* AuthView.ViewModel.swift */ = {isa = PBXFileReference; lastKnownFileType = sourcecode.swift; path = AuthView.ViewModel.swift; sourceTree = "<group>"; };
		49C6BBDB28681FC800118FA6 /* Track.app */ = {isa = PBXFileReference; explicitFileType = wrapper.application; includeInIndex = 0; path = Track.app; sourceTree = BUILT_PRODUCTS_DIR; };
		49C6BBDE28681FC800118FA6 /* TrackApp.swift */ = {isa = PBXFileReference; lastKnownFileType = sourcecode.swift; path = TrackApp.swift; sourceTree = "<group>"; };
		49C6BBE028681FC800118FA6 /* ContentView.swift */ = {isa = PBXFileReference; lastKnownFileType = sourcecode.swift; path = ContentView.swift; sourceTree = "<group>"; };
		49C6BBE228681FCA00118FA6 /* Assets.xcassets */ = {isa = PBXFileReference; lastKnownFileType = folder.assetcatalog; path = Assets.xcassets; sourceTree = "<group>"; };
		49C6BBE528681FCA00118FA6 /* Preview Assets.xcassets */ = {isa = PBXFileReference; lastKnownFileType = folder.assetcatalog; path = "Preview Assets.xcassets"; sourceTree = "<group>"; };
		49C6BBEE2868298F00118FA6 /* GoogleService-Info.plist */ = {isa = PBXFileReference; fileEncoding = 4; lastKnownFileType = text.plist.xml; path = "GoogleService-Info.plist"; sourceTree = "<group>"; };
		49C6BBFC286830F900118FA6 /* AuthView.swift */ = {isa = PBXFileReference; lastKnownFileType = sourcecode.swift; path = AuthView.swift; sourceTree = "<group>"; };
/* End PBXFileReference section */

/* Begin PBXFrameworksBuildPhase section */
		49C6BBD828681FC800118FA6 /* Frameworks */ = {
			isa = PBXFrameworksBuildPhase;
			buildActionMask = 2147483647;
			files = (
				49C6BBF228682B9900118FA6 /* FirebaseAnalytics in Frameworks */,
				49C6BBF428682B9900118FA6 /* FirebaseAuth in Frameworks */,
				49C6BBF628682B9900118FA6 /* FirebaseFirestore in Frameworks */,
				49C6BBFA28682B9900118FA6 /* FirebaseStorage in Frameworks */,
				49C6BBF828682B9900118FA6 /* FirebaseRemoteConfig in Frameworks */,
			);
			runOnlyForDeploymentPostprocessing = 0;
		};
/* End PBXFrameworksBuildPhase section */

/* Begin PBXGroup section */
		491F9AD028684553006B1FC9 /* ViewModels */ = {
			isa = PBXGroup;
			children = (
				491F9AD128684569006B1FC9 /* AuthView.ViewModel.swift */,
			);
			path = ViewModels;
			sourceTree = "<group>";
		};
		4960FFD4286836BF005ADEF7 /* CommonViews */ = {
			isa = PBXGroup;
			children = (
				491E8E2C28683A3100F9183B /* RoundedTextField.swift */,
				491E8E2E28683B4900F9183B /* RoundedSecureTextField.swift */,
				491E8E3028683BB300F9183B /* RoundedButton.swift */,
			);
			path = CommonViews;
			sourceTree = "<group>";
		};
		49C6BBD228681FC800118FA6 = {
			isa = PBXGroup;
			children = (
				49C6BBDD28681FC800118FA6 /* Track */,
				49C6BBDC28681FC800118FA6 /* Products */,
			);
			sourceTree = "<group>";
		};
		49C6BBDC28681FC800118FA6 /* Products */ = {
			isa = PBXGroup;
			children = (
				49C6BBDB28681FC800118FA6 /* Track.app */,
			);
			name = Products;
			sourceTree = "<group>";
		};
		49C6BBDD28681FC800118FA6 /* Track */ = {
			isa = PBXGroup;
			children = (
				491F9AD028684553006B1FC9 /* ViewModels */,
				49C6BBED2868298200118FA6 /* Views */,
				49C6BBEC2868297200118FA6 /* Config */,
				49C6BBE228681FCA00118FA6 /* Assets.xcassets */,
				49C6BBE428681FCA00118FA6 /* Preview Content */,
			);
			path = Track;
			sourceTree = "<group>";
		};
		49C6BBE428681FCA00118FA6 /* Preview Content */ = {
			isa = PBXGroup;
			children = (
				49C6BBE528681FCA00118FA6 /* Preview Assets.xcassets */,
			);
			path = "Preview Content";
			sourceTree = "<group>";
		};
		49C6BBEC2868297200118FA6 /* Config */ = {
			isa = PBXGroup;
			children = (
				49C6BBDE28681FC800118FA6 /* TrackApp.swift */,
				49C6BBEE2868298F00118FA6 /* GoogleService-Info.plist */,
			);
			path = Config;
			sourceTree = "<group>";
		};
		49C6BBED2868298200118FA6 /* Views */ = {
			isa = PBXGroup;
			children = (
				4960FFD4286836BF005ADEF7 /* CommonViews */,
				49C6BBFB286830E200118FA6 /* Auth */,
				49C6BBE028681FC800118FA6 /* ContentView.swift */,
			);
			path = Views;
			sourceTree = "<group>";
		};
		49C6BBFB286830E200118FA6 /* Auth */ = {
			isa = PBXGroup;
			children = (
				49C6BBFC286830F900118FA6 /* AuthView.swift */,
			);
			path = Auth;
			sourceTree = "<group>";
		};
/* End PBXGroup section */

/* Begin PBXNativeTarget section */
		49C6BBDA28681FC800118FA6 /* Track */ = {
			isa = PBXNativeTarget;
			buildConfigurationList = 49C6BBE928681FCA00118FA6 /* Build configuration list for PBXNativeTarget "Track" */;
			buildPhases = (
				49C6BBD728681FC800118FA6 /* Sources */,
				49C6BBD828681FC800118FA6 /* Frameworks */,
				49C6BBD928681FC800118FA6 /* Resources */,
			);
			buildRules = (
			);
			dependencies = (
			);
			name = Track;
			packageProductDependencies = (
				49C6BBF128682B9900118FA6 /* FirebaseAnalytics */,
				49C6BBF328682B9900118FA6 /* FirebaseAuth */,
				49C6BBF528682B9900118FA6 /* FirebaseFirestore */,
				49C6BBF728682B9900118FA6 /* FirebaseRemoteConfig */,
				49C6BBF928682B9900118FA6 /* FirebaseStorage */,
			);
			productName = Track;
			productReference = 49C6BBDB28681FC800118FA6 /* Track.app */;
			productType = "com.apple.product-type.application";
		};
/* End PBXNativeTarget section */

/* Begin PBXProject section */
		49C6BBD328681FC800118FA6 /* Project object */ = {
			isa = PBXProject;
			attributes = {
				BuildIndependentTargetsInParallel = 1;
				LastSwiftUpdateCheck = 1400;
				LastUpgradeCheck = 1400;
				TargetAttributes = {
					49C6BBDA28681FC800118FA6 = {
						CreatedOnToolsVersion = 14.0;
					};
				};
			};
			buildConfigurationList = 49C6BBD628681FC800118FA6 /* Build configuration list for PBXProject "Track" */;
			compatibilityVersion = "Xcode 14.0";
			developmentRegion = en;
			hasScannedForEncodings = 0;
			knownRegions = (
				en,
				Base,
			);
			mainGroup = 49C6BBD228681FC800118FA6;
			packageReferences = (
				49C6BBF028682B9900118FA6 /* XCRemoteSwiftPackageReference "firebase-ios-sdk" */,
			);
			productRefGroup = 49C6BBDC28681FC800118FA6 /* Products */;
			projectDirPath = "";
			projectRoot = "";
			targets = (
				49C6BBDA28681FC800118FA6 /* Track */,
			);
		};
/* End PBXProject section */

/* Begin PBXResourcesBuildPhase section */
		49C6BBD928681FC800118FA6 /* Resources */ = {
			isa = PBXResourcesBuildPhase;
			buildActionMask = 2147483647;
			files = (
				49C6BBE628681FCA00118FA6 /* Preview Assets.xcassets in Resources */,
				49C6BBE328681FCA00118FA6 /* Assets.xcassets in Resources */,
				49C6BBEF2868298F00118FA6 /* GoogleService-Info.plist in Resources */,
			);
			runOnlyForDeploymentPostprocessing = 0;
		};
/* End PBXResourcesBuildPhase section */

/* Begin PBXSourcesBuildPhase section */
		49C6BBD728681FC800118FA6 /* Sources */ = {
			isa = PBXSourcesBuildPhase;
			buildActionMask = 2147483647;
			files = (
				49C6BBE128681FC800118FA6 /* ContentView.swift in Sources */,
				491E8E3128683BB300F9183B /* RoundedButton.swift in Sources */,
				491F9AD228684569006B1FC9 /* AuthView.ViewModel.swift in Sources */,
				49C6BBDF28681FC800118FA6 /* TrackApp.swift in Sources */,
				49C6BBFD286830F900118FA6 /* AuthView.swift in Sources */,
				491E8E2F28683B4900F9183B /* RoundedSecureTextField.swift in Sources */,
				491E8E2D28683A3100F9183B /* RoundedTextField.swift in Sources */,
			);
			runOnlyForDeploymentPostprocessing = 0;
		};
/* End PBXSourcesBuildPhase section */

/* Begin XCBuildConfiguration section */
		49C6BBE728681FCA00118FA6 /* Debug */ = {
			isa = XCBuildConfiguration;
			buildSettings = {
				ALWAYS_SEARCH_USER_PATHS = NO;
				CLANG_ANALYZER_NONNULL = YES;
				CLANG_ANALYZER_NUMBER_OBJECT_CONVERSION = YES_AGGRESSIVE;
				CLANG_CXX_LANGUAGE_STANDARD = "gnu++17";
				CLANG_ENABLE_MODULES = YES;
				CLANG_ENABLE_OBJC_ARC = YES;
				CLANG_ENABLE_OBJC_WEAK = YES;
				CLANG_WARN_BLOCK_CAPTURE_AUTORELEASING = YES;
				CLANG_WARN_BOOL_CONVERSION = YES;
				CLANG_WARN_COMMA = YES;
				CLANG_WARN_CONSTANT_CONVERSION = YES;
				CLANG_WARN_DEPRECATED_OBJC_IMPLEMENTATIONS = YES;
				CLANG_WARN_DIRECT_OBJC_ISA_USAGE = YES_ERROR;
				CLANG_WARN_DOCUMENTATION_COMMENTS = YES;
				CLANG_WARN_EMPTY_BODY = YES;
				CLANG_WARN_ENUM_CONVERSION = YES;
				CLANG_WARN_INFINITE_RECURSION = YES;
				CLANG_WARN_INT_CONVERSION = YES;
				CLANG_WARN_NON_LITERAL_NULL_CONVERSION = YES;
				CLANG_WARN_OBJC_IMPLICIT_RETAIN_SELF = YES;
				CLANG_WARN_OBJC_LITERAL_CONVERSION = YES;
				CLANG_WARN_OBJC_ROOT_CLASS = YES_ERROR;
				CLANG_WARN_QUOTED_INCLUDE_IN_FRAMEWORK_HEADER = YES;
				CLANG_WARN_RANGE_LOOP_ANALYSIS = YES;
				CLANG_WARN_STRICT_PROTOTYPES = YES;
				CLANG_WARN_SUSPICIOUS_MOVE = YES;
				CLANG_WARN_UNGUARDED_AVAILABILITY = YES_AGGRESSIVE;
				CLANG_WARN_UNREACHABLE_CODE = YES;
				CLANG_WARN__DUPLICATE_METHOD_MATCH = YES;
				COPY_PHASE_STRIP = NO;
				DEBUG_INFORMATION_FORMAT = dwarf;
				ENABLE_STRICT_OBJC_MSGSEND = YES;
				ENABLE_TESTABILITY = YES;
				GCC_C_LANGUAGE_STANDARD = gnu11;
				GCC_DYNAMIC_NO_PIC = NO;
				GCC_NO_COMMON_BLOCKS = YES;
				GCC_OPTIMIZATION_LEVEL = 0;
				GCC_PREPROCESSOR_DEFINITIONS = (
					"DEBUG=1",
					"$(inherited)",
				);
				GCC_WARN_64_TO_32_BIT_CONVERSION = YES;
				GCC_WARN_ABOUT_RETURN_TYPE = YES_ERROR;
				GCC_WARN_UNDECLARED_SELECTOR = YES;
				GCC_WARN_UNINITIALIZED_AUTOS = YES_AGGRESSIVE;
				GCC_WARN_UNUSED_FUNCTION = YES;
				GCC_WARN_UNUSED_VARIABLE = YES;
				IPHONEOS_DEPLOYMENT_TARGET = 16.0;
				MTL_ENABLE_DEBUG_INFO = INCLUDE_SOURCE;
				MTL_FAST_MATH = YES;
				ONLY_ACTIVE_ARCH = YES;
				SDKROOT = iphoneos;
				SWIFT_ACTIVE_COMPILATION_CONDITIONS = DEBUG;
				SWIFT_OPTIMIZATION_LEVEL = "-Onone";
			};
			name = Debug;
		};
		49C6BBE828681FCA00118FA6 /* Release */ = {
			isa = XCBuildConfiguration;
			buildSettings = {
				ALWAYS_SEARCH_USER_PATHS = NO;
				CLANG_ANALYZER_NONNULL = YES;
				CLANG_ANALYZER_NUMBER_OBJECT_CONVERSION = YES_AGGRESSIVE;
				CLANG_CXX_LANGUAGE_STANDARD = "gnu++17";
				CLANG_ENABLE_MODULES = YES;
				CLANG_ENABLE_OBJC_ARC = YES;
				CLANG_ENABLE_OBJC_WEAK = YES;
				CLANG_WARN_BLOCK_CAPTURE_AUTORELEASING = YES;
				CLANG_WARN_BOOL_CONVERSION = YES;
				CLANG_WARN_COMMA = YES;
				CLANG_WARN_CONSTANT_CONVERSION = YES;
				CLANG_WARN_DEPRECATED_OBJC_IMPLEMENTATIONS = YES;
				CLANG_WARN_DIRECT_OBJC_ISA_USAGE = YES_ERROR;
				CLANG_WARN_DOCUMENTATION_COMMENTS = YES;
				CLANG_WARN_EMPTY_BODY = YES;
				CLANG_WARN_ENUM_CONVERSION = YES;
				CLANG_WARN_INFINITE_RECURSION = YES;
				CLANG_WARN_INT_CONVERSION = YES;
				CLANG_WARN_NON_LITERAL_NULL_CONVERSION = YES;
				CLANG_WARN_OBJC_IMPLICIT_RETAIN_SELF = YES;
				CLANG_WARN_OBJC_LITERAL_CONVERSION = YES;
				CLANG_WARN_OBJC_ROOT_CLASS = YES_ERROR;
				CLANG_WARN_QUOTED_INCLUDE_IN_FRAMEWORK_HEADER = YES;
				CLANG_WARN_RANGE_LOOP_ANALYSIS = YES;
				CLANG_WARN_STRICT_PROTOTYPES = YES;
				CLANG_WARN_SUSPICIOUS_MOVE = YES;
				CLANG_WARN_UNGUARDED_AVAILABILITY = YES_AGGRESSIVE;
				CLANG_WARN_UNREACHABLE_CODE = YES;
				CLANG_WARN__DUPLICATE_METHOD_MATCH = YES;
				COPY_PHASE_STRIP = NO;
				DEBUG_INFORMATION_FORMAT = "dwarf-with-dsym";
				ENABLE_NS_ASSERTIONS = NO;
				ENABLE_STRICT_OBJC_MSGSEND = YES;
				GCC_C_LANGUAGE_STANDARD = gnu11;
				GCC_NO_COMMON_BLOCKS = YES;
				GCC_WARN_64_TO_32_BIT_CONVERSION = YES;
				GCC_WARN_ABOUT_RETURN_TYPE = YES_ERROR;
				GCC_WARN_UNDECLARED_SELECTOR = YES;
				GCC_WARN_UNINITIALIZED_AUTOS = YES_AGGRESSIVE;
				GCC_WARN_UNUSED_FUNCTION = YES;
				GCC_WARN_UNUSED_VARIABLE = YES;
				IPHONEOS_DEPLOYMENT_TARGET = 16.0;
				MTL_ENABLE_DEBUG_INFO = NO;
				MTL_FAST_MATH = YES;
				SDKROOT = iphoneos;
				SWIFT_COMPILATION_MODE = wholemodule;
				SWIFT_OPTIMIZATION_LEVEL = "-O";
				VALIDATE_PRODUCT = YES;
			};
			name = Release;
		};
		49C6BBEA28681FCA00118FA6 /* Debug */ = {
			isa = XCBuildConfiguration;
			buildSettings = {
				ASSETCATALOG_COMPILER_APPICON_NAME = AppIcon;
				ASSETCATALOG_COMPILER_GLOBAL_ACCENT_COLOR_NAME = AccentColor;
				CODE_SIGN_STYLE = Automatic;
				CURRENT_PROJECT_VERSION = 1;
				DEVELOPMENT_ASSET_PATHS = "\"Track/Preview Content\"";
				DEVELOPMENT_TEAM = 3GTE9X3BX2;
				ENABLE_PREVIEWS = YES;
				GENERATE_INFOPLIST_FILE = YES;
				INFOPLIST_KEY_CFBundleDisplayName = Track;
				INFOPLIST_KEY_LSApplicationCategoryType = "public.app-category.finance";
				INFOPLIST_KEY_UIApplicationSceneManifest_Generation = YES;
				INFOPLIST_KEY_UIApplicationSupportsIndirectInputEvents = YES;
				INFOPLIST_KEY_UILaunchScreen_Generation = YES;
				INFOPLIST_KEY_UISupportedInterfaceOrientations_iPad = "UIInterfaceOrientationPortrait UIInterfaceOrientationPortraitUpsideDown UIInterfaceOrientationLandscapeLeft UIInterfaceOrientationLandscapeRight";
				INFOPLIST_KEY_UISupportedInterfaceOrientations_iPhone = "UIInterfaceOrientationPortrait UIInterfaceOrientationLandscapeLeft UIInterfaceOrientationLandscapeRight";
				LD_RUNPATH_SEARCH_PATHS = (
					"$(inherited)",
					"@executable_path/Frameworks",
				);
				MARKETING_VERSION = 1.0;
				PRODUCT_BUNDLE_IDENTIFIER = apps.bytesizedsoftware.Track;
				PRODUCT_NAME = "$(TARGET_NAME)";
				SWIFT_EMIT_LOC_STRINGS = YES;
				SWIFT_VERSION = 5.0;
				TARGETED_DEVICE_FAMILY = "1,2";
			};
			name = Debug;
		};
		49C6BBEB28681FCA00118FA6 /* Release */ = {
			isa = XCBuildConfiguration;
			buildSettings = {
				ASSETCATALOG_COMPILER_APPICON_NAME = AppIcon;
				ASSETCATALOG_COMPILER_GLOBAL_ACCENT_COLOR_NAME = AccentColor;
				CODE_SIGN_STYLE = Automatic;
				CURRENT_PROJECT_VERSION = 1;
				DEVELOPMENT_ASSET_PATHS = "\"Track/Preview Content\"";
				DEVELOPMENT_TEAM = 3GTE9X3BX2;
				ENABLE_PREVIEWS = YES;
				GENERATE_INFOPLIST_FILE = YES;
				INFOPLIST_KEY_CFBundleDisplayName = Track;
				INFOPLIST_KEY_LSApplicationCategoryType = "public.app-category.finance";
				INFOPLIST_KEY_UIApplicationSceneManifest_Generation = YES;
				INFOPLIST_KEY_UIApplicationSupportsIndirectInputEvents = YES;
				INFOPLIST_KEY_UILaunchScreen_Generation = YES;
				INFOPLIST_KEY_UISupportedInterfaceOrientations_iPad = "UIInterfaceOrientationPortrait UIInterfaceOrientationPortraitUpsideDown UIInterfaceOrientationLandscapeLeft UIInterfaceOrientationLandscapeRight";
				INFOPLIST_KEY_UISupportedInterfaceOrientations_iPhone = "UIInterfaceOrientationPortrait UIInterfaceOrientationLandscapeLeft UIInterfaceOrientationLandscapeRight";
				LD_RUNPATH_SEARCH_PATHS = (
					"$(inherited)",
					"@executable_path/Frameworks",
				);
				MARKETING_VERSION = 1.0;
				PRODUCT_BUNDLE_IDENTIFIER = apps.bytesizedsoftware.Track;
				PRODUCT_NAME = "$(TARGET_NAME)";
				SWIFT_EMIT_LOC_STRINGS = YES;
				SWIFT_VERSION = 5.0;
				TARGETED_DEVICE_FAMILY = "1,2";
			};
			name = Release;
		};
/* End XCBuildConfiguration section */

/* Begin XCConfigurationList section */
		49C6BBD628681FC800118FA6 /* Build configuration list for PBXProject "Track" */ = {
			isa = XCConfigurationList;
			buildConfigurations = (
				49C6BBE728681FCA00118FA6 /* Debug */,
				49C6BBE828681FCA00118FA6 /* Release */,
			);
			defaultConfigurationIsVisible = 0;
			defaultConfigurationName = Release;
		};
		49C6BBE928681FCA00118FA6 /* Build configuration list for PBXNativeTarget "Track" */ = {
			isa = XCConfigurationList;
			buildConfigurations = (
				49C6BBEA28681FCA00118FA6 /* Debug */,
				49C6BBEB28681FCA00118FA6 /* Release */,
			);
			defaultConfigurationIsVisible = 0;
			defaultConfigurationName = Release;
		};
/* End XCConfigurationList section */

/* Begin XCRemoteSwiftPackageReference section */
		49C6BBF028682B9900118FA6 /* XCRemoteSwiftPackageReference "firebase-ios-sdk" */ = {
			isa = XCRemoteSwiftPackageReference;
			repositoryURL = "https://github.com/firebase/firebase-ios-sdk";
			requirement = {
				kind = upToNextMajorVersion;
				minimumVersion = 9.0.0;
			};
		};
/* End XCRemoteSwiftPackageReference section */

/* Begin XCSwiftPackageProductDependency section */
		49C6BBF128682B9900118FA6 /* FirebaseAnalytics */ = {
			isa = XCSwiftPackageProductDependency;
			package = 49C6BBF028682B9900118FA6 /* XCRemoteSwiftPackageReference "firebase-ios-sdk" */;
			productName = FirebaseAnalytics;
		};
		49C6BBF328682B9900118FA6 /* FirebaseAuth */ = {
			isa = XCSwiftPackageProductDependency;
			package = 49C6BBF028682B9900118FA6 /* XCRemoteSwiftPackageReference "firebase-ios-sdk" */;
			productName = FirebaseAuth;
		};
		49C6BBF528682B9900118FA6 /* FirebaseFirestore */ = {
			isa = XCSwiftPackageProductDependency;
			package = 49C6BBF028682B9900118FA6 /* XCRemoteSwiftPackageReference "firebase-ios-sdk" */;
			productName = FirebaseFirestore;
		};
		49C6BBF728682B9900118FA6 /* FirebaseRemoteConfig */ = {
			isa = XCSwiftPackageProductDependency;
			package = 49C6BBF028682B9900118FA6 /* XCRemoteSwiftPackageReference "firebase-ios-sdk" */;
			productName = FirebaseRemoteConfig;
		};
		49C6BBF928682B9900118FA6 /* FirebaseStorage */ = {
			isa = XCSwiftPackageProductDependency;
			package = 49C6BBF028682B9900118FA6 /* XCRemoteSwiftPackageReference "firebase-ios-sdk" */;
			productName = FirebaseStorage;
		};
/* End XCSwiftPackageProductDependency section */
	};
	rootObject = 49C6BBD328681FC800118FA6 /* Project object */;
}
